
Microsoft Visual Studio Solution File, Format Version 12.00
# Visual Studio 15
VisualStudioVersion = 15.0.28307.1500
MinimumVisualStudioVersion = 10.0.40219.1
Project("{FAE04EC0-301F-11D3-BF4B-00C04F79EFBC}") = "PixelArtCompression", "PixelArtCompression\PixelArtCompression.csproj", "{F40F1F7C-828D-4EDE-A34C-757C4C24E575}"
EndProject
Global
	GlobalSection(SolutionConfigurationPlatforms) = preSolution
		Debug|Any CPU = Debug|Any CPU
		Release|Any CPU = Release|Any CPU
	EndGlobalSection
	GlobalSection(ProjectConfigurationPlatforms) = postSolution
		{F40F1F7C-828D-4EDE-A34C-757C4C24E575}.Debug|Any CPU.ActiveCfg = Debug|Any CPU
		{F40F1F7C-828D-4EDE-A34C-757C4C24E575}.Debug|Any CPU.Build.0 = Debug|Any CPU
		{F40F1F7C-828D-4EDE-A34C-757C4C24E575}.Release|Any CPU.ActiveCfg = Release|Any CPU
		{F40F1F7C-828D-4EDE-A34C-757C4C24E575}.Release|Any CPU.Build.0 = Release|Any CPU
	EndGlobalSection
	GlobalSection(SolutionProperties) = preSolution
		HideSolutionNode = FALSE
	EndGlobalSection
	GlobalSection(ExtensibilityGlobals) = postSolution
		SolutionGuid = {D69F34AB-0776-49EE-BC79-F71A4EA66CC0}
	EndGlobalSection
EndGlobal
